
Microsoft Visual Studio Solution File, Format Version 12.00
# Visual Studio 15
VisualStudioVersion = 15.0.28307.106
MinimumVisualStudioVersion = 10.0.40219.1
Project("{FAE04EC0-301F-11D3-BF4B-00C04F79EFBC}") = "Core3Wpf", "Core3Wpf\Core3Wpf.csproj", "{74FFDA56-ED25-4396-8F4B-DF8D0A63A367}"
EndProject
Global
	GlobalSection(SolutionConfigurationPlatforms) = preSolution
		Debug|Any CPU = Debug|Any CPU
		Release|Any CPU = Release|Any CPU
	EndGlobalSection
	GlobalSection(ProjectConfigurationPlatforms) = postSolution
		{74FFDA56-ED25-4396-8F4B-DF8D0A63A367}.Debug|Any CPU.ActiveCfg = Debug|Any CPU
		{74FFDA56-ED25-4396-8F4B-DF8D0A63A367}.Debug|Any CPU.Build.0 = Debug|Any CPU
		{74FFDA56-ED25-4396-8F4B-DF8D0A63A367}.Release|Any CPU.ActiveCfg = Release|Any CPU
		{74FFDA56-ED25-4396-8F4B-DF8D0A63A367}.Release|Any CPU.Build.0 = Release|Any CPU
	EndGlobalSection
	GlobalSection(SolutionProperties) = preSolution
		HideSolutionNode = FALSE
	EndGlobalSection
	GlobalSection(ExtensibilityGlobals) = postSolution
		SolutionGuid = {75E7F50E-0C91-41D1-82DF-297330306EAE}
	EndGlobalSection
EndGlobal
